
Microsoft Visual Studio Solution File, Format Version 12.00
# Visual Studio Version 17
VisualStudioVersion = 17.2.32602.215
MinimumVisualStudioVersion = 10.0.40219.1
Project("{FAE04EC0-301F-11D3-BF4B-00C04F79EFBC}") = "TMK_plus_plus", "TMK_plus_plus\TMK_plus_plus.csproj", "{3AA4F55B-BEB9-4DEB-BF65-3CF367E4C523}"
EndProject
Global
	GlobalSection(SolutionConfigurationPlatforms) = preSolution
		Debug|Any CPU = Debug|Any CPU
		Release|Any CPU = Release|Any CPU
	EndGlobalSection
	GlobalSection(ProjectConfigurationPlatforms) = postSolution
		{3AA4F55B-BEB9-4DEB-BF65-3CF367E4C523}.Debug|Any CPU.ActiveCfg = Debug|Any CPU
		{3AA4F55B-BEB9-4DEB-BF65-3CF367E4C523}.Debug|Any CPU.Build.0 = Debug|Any CPU
		{3AA4F55B-BEB9-4DEB-BF65-3CF367E4C523}.Release|Any CPU.ActiveCfg = Release|Any CPU
		{3AA4F55B-BEB9-4DEB-BF65-3CF367E4C523}.Release|Any CPU.Build.0 = Release|Any CPU
	EndGlobalSection
	GlobalSection(SolutionProperties) = preSolution
		HideSolutionNode = FALSE
	EndGlobalSection
	GlobalSection(ExtensibilityGlobals) = postSolution
		SolutionGuid = {D4B89E21-5CFD-452E-BC4A-5C51F267B387}
	EndGlobalSection
EndGlobal
